
Microsoft Visual Studio Solution File, Format Version 12.00
# Visual Studio Version 17
VisualStudioVersion = 17.0.31903.59
MinimumVisualStudioVersion = 10.0.40219.1
Project("{2150E333-8FDC-42A3-9474-1A3956D46DE8}") = "src", "src", "{827E0CD3-B72D-47B6-A68D-7590B98EB39B}"
EndProject
Project("{2150E333-8FDC-42A3-9474-1A3956D46DE8}") = "Cursos", "Cursos", "{6C899BFF-66D0-0D23-9BD4-7627E4F52821}"
EndProject
Project("{FAE04EC0-301F-11D3-BF4B-00C04F79EFBC}") = "Cursos.Api", "src\Cursos\Cursos.Api\Cursos.Api.csproj", "{19EE1960-05ED-4C00-A0AB-2B5561AFB535}"
EndProject
Project("{FAE04EC0-301F-11D3-BF4B-00C04F79EFBC}") = "Cursos.Application", "src\Cursos\Cursos.Application\Cursos.Application.csproj", "{BF240651-8EC2-40C6-89E7-5E3602370B25}"
EndProject
Project("{FAE04EC0-301F-11D3-BF4B-00C04F79EFBC}") = "Cursos.Domain", "src\Cursos\Cursos.Domain\Cursos.Domain.csproj", "{AD1BEF50-AF11-47C9-A9A7-FEFB31BB82BA}"
EndProject
Project("{FAE04EC0-301F-11D3-BF4B-00C04F79EFBC}") = "Cursos.Infrastructure", "src\Cursos\Cursos.Infrastructure\Cursos.Infrastructure.csproj", "{CB23BA16-18EF-462A-AE4D-A7E7291F9D7B}"
EndProject
Project("{2150E333-8FDC-42A3-9474-1A3956D46DE8}") = "Docentes", "Docentes", "{A7619379-1B2C-AA8A-371A-0303290E2964}"
EndProject
Project("{FAE04EC0-301F-11D3-BF4B-00C04F79EFBC}") = "Docentes.Api", "src\Docentes\Docentes.Api\Docentes.Api.csproj", "{C01DDECA-FE75-4615-A350-48040F457B5A}"
EndProject
Project("{FAE04EC0-301F-11D3-BF4B-00C04F79EFBC}") = "Docentes.Application", "src\Docentes\Docentes.Application\Docentes.Application.csproj", "{017E53A2-82C0-4001-B01C-F5F937FEB9A5}"
EndProject
Project("{FAE04EC0-301F-11D3-BF4B-00C04F79EFBC}") = "Docentes.Domain", "src\Docentes\Docentes.Domain\Docentes.Domain.csproj", "{9ACD4AFA-04DB-4A8A-830F-C93E0FAADF21}"
EndProject
Project("{FAE04EC0-301F-11D3-BF4B-00C04F79EFBC}") = "Docentes.Infrastructure", "src\Docentes\Docentes.Infrastructure\Docentes.Infrastructure.csproj", "{707E77D0-EC95-42E6-A2A4-1860B48C1364}"
EndProject
Project("{2150E333-8FDC-42A3-9474-1A3956D46DE8}") = "Usuarios", "Usuarios", "{AF47A1B6-4839-4CB1-8418-F4BC8A9AB6E4}"
EndProject
Project("{FAE04EC0-301F-11D3-BF4B-00C04F79EFBC}") = "Usuarios.Api", "src\Usuarios\Usuarios.Api\Usuarios.Api.csproj", "{BD541A71-DB59-4492-8B10-4758A24316AC}"
EndProject
Project("{FAE04EC0-301F-11D3-BF4B-00C04F79EFBC}") = "Usuarios.Application", "src\Usuarios\Usuarios.Application\Usuarios.Application.csproj", "{BB7CC3F7-2831-4CC9-BE4E-C2FA24F5F716}"
EndProject
Project("{FAE04EC0-301F-11D3-BF4B-00C04F79EFBC}") = "Usuarios.Domain", "src\Usuarios\Usuarios.Domain\Usuarios.Domain.csproj", "{0D763B97-A1B9-4EC0-AD39-149B17C71C7E}"
EndProject
Project("{FAE04EC0-301F-11D3-BF4B-00C04F79EFBC}") = "Usuarios.Infrastructure", "src\Usuarios\Usuarios.Infrastructure\Usuarios.Infrastructure.csproj", "{8D7E9D30-57BF-4575-89CD-529C056DAA32}"
EndProject
Project("{2150E333-8FDC-42A3-9474-1A3956D46DE8}") = "Estudiantes", "Estudiantes", "{3298E1E8-E012-3E41-70B3-61F5A96D0638}"
EndProject
Project("{FAE04EC0-301F-11D3-BF4B-00C04F79EFBC}") = "Estudiantes.Api", "src\Estudiantes\Estudiantes.Api\Estudiantes.Api.csproj", "{62D79530-568B-43A6-A59D-C7EA10A14BB6}"
EndProject
Project("{FAE04EC0-301F-11D3-BF4B-00C04F79EFBC}") = "Estudiantes.Application", "src\Estudiantes\Estudiantes.Application\Estudiantes.Application.csproj", "{7B963DEC-D802-45C2-B748-E9BBE76DFF8F}"
EndProject
Project("{FAE04EC0-301F-11D3-BF4B-00C04F79EFBC}") = "Estudiantes.Domain", "src\Estudiantes\Estudiantes.Domain\Estudiantes.Domain.csproj", "{9D0A710A-31FB-4E1E-9D07-4B173DF9D295}"
EndProject
Project("{FAE04EC0-301F-11D3-BF4B-00C04F79EFBC}") = "Estudiantes.Infrastructure", "src\Estudiantes\Estudiantes.Infrastructure\Estudiantes.Infrastructure.csproj", "{0CDA1AFC-12F6-45D7-8965-21A66D34350E}"
EndProject
Project("{2150E333-8FDC-42A3-9474-1A3956D46DE8}") = "Evaluaciones", "Evaluaciones", "{F7FD9C3C-0442-4E9F-ACEB-C54FAC08F266}"
EndProject
Project("{FAE04EC0-301F-11D3-BF4B-00C04F79EFBC}") = "Evaluaciones.Api", "src\Evaluaciones\Evaluaciones.Api\Evaluaciones.Api.csproj", "{9EFA2578-D95C-4FAE-A6EE-43843C81F03C}"
EndProject
Project("{FAE04EC0-301F-11D3-BF4B-00C04F79EFBC}") = "Evaluaciones.Application", "src\Evaluaciones\Evaluaciones.Application\Evaluaciones.Application.csproj", "{B2967210-BAAE-449E-9E4F-44104269F611}"
EndProject
Project("{FAE04EC0-301F-11D3-BF4B-00C04F79EFBC}") = "Evaluaciones.Domain", "src\Evaluaciones\Evaluaciones.Domain\Evaluaciones.Domain.csproj", "{99F92D2E-63D7-43D0-8189-8CBA389ACFD4}"
EndProject
Project("{FAE04EC0-301F-11D3-BF4B-00C04F79EFBC}") = "Evaluaciones.Infrastructure", "src\Evaluaciones\Evaluaciones.Infrastructure\Evaluaciones.Infrastructure.csproj", "{F4838FB5-771A-4DE4-B047-906F0C058139}"
EndProject
Global
	GlobalSection(SolutionConfigurationPlatforms) = preSolution
		Debug|Any CPU = Debug|Any CPU
		Debug|x64 = Debug|x64
		Debug|x86 = Debug|x86
		Release|Any CPU = Release|Any CPU
		Release|x64 = Release|x64
		Release|x86 = Release|x86
	EndGlobalSection
	GlobalSection(ProjectConfigurationPlatforms) = postSolution
		{19EE1960-05ED-4C00-A0AB-2B5561AFB535}.Debug|Any CPU.ActiveCfg = Debug|Any CPU
		{19EE1960-05ED-4C00-A0AB-2B5561AFB535}.Debug|Any CPU.Build.0 = Debug|Any CPU
		{19EE1960-05ED-4C00-A0AB-2B5561AFB535}.Debug|x64.ActiveCfg = Debug|Any CPU
		{19EE1960-05ED-4C00-A0AB-2B5561AFB535}.Debug|x64.Build.0 = Debug|Any CPU
		{19EE1960-05ED-4C00-A0AB-2B5561AFB535}.Debug|x86.ActiveCfg = Debug|Any CPU
		{19EE1960-05ED-4C00-A0AB-2B5561AFB535}.Debug|x86.Build.0 = Debug|Any CPU
		{19EE1960-05ED-4C00-A0AB-2B5561AFB535}.Release|Any CPU.ActiveCfg = Release|Any CPU
		{19EE1960-05ED-4C00-A0AB-2B5561AFB535}.Release|Any CPU.Build.0 = Release|Any CPU
		{19EE1960-05ED-4C00-A0AB-2B5561AFB535}.Release|x64.ActiveCfg = Release|Any CPU
		{19EE1960-05ED-4C00-A0AB-2B5561AFB535}.Release|x64.Build.0 = Release|Any CPU
		{19EE1960-05ED-4C00-A0AB-2B5561AFB535}.Release|x86.ActiveCfg = Release|Any CPU
		{19EE1960-05ED-4C00-A0AB-2B5561AFB535}.Release|x86.Build.0 = Release|Any CPU
		{BF240651-8EC2-40C6-89E7-5E3602370B25}.Debug|Any CPU.ActiveCfg = Debug|Any CPU
		{BF240651-8EC2-40C6-89E7-5E3602370B25}.Debug|Any CPU.Build.0 = Debug|Any CPU
		{BF240651-8EC2-40C6-89E7-5E3602370B25}.Debug|x64.ActiveCfg = Debug|Any CPU
		{BF240651-8EC2-40C6-89E7-5E3602370B25}.Debug|x64.Build.0 = Debug|Any CPU
		{BF240651-8EC2-40C6-89E7-5E3602370B25}.Debug|x86.ActiveCfg = Debug|Any CPU
		{BF240651-8EC2-40C6-89E7-5E3602370B25}.Debug|x86.Build.0 = Debug|Any CPU
		{BF240651-8EC2-40C6-89E7-5E3602370B25}.Release|Any CPU.ActiveCfg = Release|Any CPU
		{BF240651-8EC2-40C6-89E7-5E3602370B25}.Release|Any CPU.Build.0 = Release|Any CPU
		{BF240651-8EC2-40C6-89E7-5E3602370B25}.Release|x64.ActiveCfg = Release|Any CPU
		{BF240651-8EC2-40C6-89E7-5E3602370B25}.Release|x64.Build.0 = Release|Any CPU
		{BF240651-8EC2-40C6-89E7-5E3602370B25}.Release|x86.ActiveCfg = Release|Any CPU
		{BF240651-8EC2-40C6-89E7-5E3602370B25}.Release|x86.Build.0 = Release|Any CPU
		{AD1BEF50-AF11-47C9-A9A7-FEFB31BB82BA}.Debug|Any CPU.ActiveCfg = Debug|Any CPU
		{AD1BEF50-AF11-47C9-A9A7-FEFB31BB82BA}.Debug|Any CPU.Build.0 = Debug|Any CPU
		{AD1BEF50-AF11-47C9-A9A7-FEFB31BB82BA}.Debug|x64.ActiveCfg = Debug|Any CPU
		{AD1BEF50-AF11-47C9-A9A7-FEFB31BB82BA}.Debug|x64.Build.0 = Debug|Any CPU
		{AD1BEF50-AF11-47C9-A9A7-FEFB31BB82BA}.Debug|x86.ActiveCfg = Debug|Any CPU
		{AD1BEF50-AF11-47C9-A9A7-FEFB31BB82BA}.Debug|x86.Build.0 = Debug|Any CPU
		{AD1BEF50-AF11-47C9-A9A7-FEFB31BB82BA}.Release|Any CPU.ActiveCfg = Release|Any CPU
		{AD1BEF50-AF11-47C9-A9A7-FEFB31BB82BA}.Release|Any CPU.Build.0 = Release|Any CPU
		{AD1BEF50-AF11-47C9-A9A7-FEFB31BB82BA}.Release|x64.ActiveCfg = Release|Any CPU
		{AD1BEF50-AF11-47C9-A9A7-FEFB31BB82BA}.Release|x64.Build.0 = Release|Any CPU
		{AD1BEF50-AF11-47C9-A9A7-FEFB31BB82BA}.Release|x86.ActiveCfg = Release|Any CPU
		{AD1BEF50-AF11-47C9-A9A7-FEFB31BB82BA}.Release|x86.Build.0 = Release|Any CPU
		{CB23BA16-18EF-462A-AE4D-A7E7291F9D7B}.Debug|Any CPU.ActiveCfg = Debug|Any CPU
		{CB23BA16-18EF-462A-AE4D-A7E7291F9D7B}.Debug|Any CPU.Build.0 = Debug|Any CPU
		{CB23BA16-18EF-462A-AE4D-A7E7291F9D7B}.Debug|x64.ActiveCfg = Debug|Any CPU
		{CB23BA16-18EF-462A-AE4D-A7E7291F9D7B}.Debug|x64.Build.0 = Debug|Any CPU
		{CB23BA16-18EF-462A-AE4D-A7E7291F9D7B}.Debug|x86.ActiveCfg = Debug|Any CPU
		{CB23BA16-18EF-462A-AE4D-A7E7291F9D7B}.Debug|x86.Build.0 = Debug|Any CPU
		{CB23BA16-18EF-462A-AE4D-A7E7291F9D7B}.Release|Any CPU.ActiveCfg = Release|Any CPU
		{CB23BA16-18EF-462A-AE4D-A7E7291F9D7B}.Release|Any CPU.Build.0 = Release|Any CPU
		{CB23BA16-18EF-462A-AE4D-A7E7291F9D7B}.Release|x64.ActiveCfg = Release|Any CPU
		{CB23BA16-18EF-462A-AE4D-A7E7291F9D7B}.Release|x64.Build.0 = Release|Any CPU
		{CB23BA16-18EF-462A-AE4D-A7E7291F9D7B}.Release|x86.ActiveCfg = Release|Any CPU
		{CB23BA16-18EF-462A-AE4D-A7E7291F9D7B}.Release|x86.Build.0 = Release|Any CPU
		{C01DDECA-FE75-4615-A350-48040F457B5A}.Debug|Any CPU.ActiveCfg = Debug|Any CPU
		{C01DDECA-FE75-4615-A350-48040F457B5A}.Debug|Any CPU.Build.0 = Debug|Any CPU
		{C01DDECA-FE75-4615-A350-48040F457B5A}.Debug|x64.ActiveCfg = Debug|Any CPU
		{C01DDECA-FE75-4615-A350-48040F457B5A}.Debug|x64.Build.0 = Debug|Any CPU
		{C01DDECA-FE75-4615-A350-48040F457B5A}.Debug|x86.ActiveCfg = Debug|Any CPU
		{C01DDECA-FE75-4615-A350-48040F457B5A}.Debug|x86.Build.0 = Debug|Any CPU
		{C01DDECA-FE75-4615-A350-48040F457B5A}.Release|Any CPU.ActiveCfg = Release|Any CPU
		{C01DDECA-FE75-4615-A350-48040F457B5A}.Release|Any CPU.Build.0 = Release|Any CPU
		{C01DDECA-FE75-4615-A350-48040F457B5A}.Release|x64.ActiveCfg = Release|Any CPU
		{C01DDECA-FE75-4615-A350-48040F457B5A}.Release|x64.Build.0 = Release|Any CPU
		{C01DDECA-FE75-4615-A350-48040F457B5A}.Release|x86.ActiveCfg = Release|Any CPU
		{C01DDECA-FE75-4615-A350-48040F457B5A}.Release|x86.Build.0 = Release|Any CPU
		{017E53A2-82C0-4001-B01C-F5F937FEB9A5}.Debug|Any CPU.ActiveCfg = Debug|Any CPU
		{017E53A2-82C0-4001-B01C-F5F937FEB9A5}.Debug|Any CPU.Build.0 = Debug|Any CPU
		{017E53A2-82C0-4001-B01C-F5F937FEB9A5}.Debug|x64.ActiveCfg = Debug|Any CPU
		{017E53A2-82C0-4001-B01C-F5F937FEB9A5}.Debug|x64.Build.0 = Debug|Any CPU
		{017E53A2-82C0-4001-B01C-F5F937FEB9A5}.Debug|x86.ActiveCfg = Debug|Any CPU
		{017E53A2-82C0-4001-B01C-F5F937FEB9A5}.Debug|x86.Build.0 = Debug|Any CPU
		{017E53A2-82C0-4001-B01C-F5F937FEB9A5}.Release|Any CPU.ActiveCfg = Release|Any CPU
		{017E53A2-82C0-4001-B01C-F5F937FEB9A5}.Release|Any CPU.Build.0 = Release|Any CPU
		{017E53A2-82C0-4001-B01C-F5F937FEB9A5}.Release|x64.ActiveCfg = Release|Any CPU
		{017E53A2-82C0-4001-B01C-F5F937FEB9A5}.Release|x64.Build.0 = Release|Any CPU
		{017E53A2-82C0-4001-B01C-F5F937FEB9A5}.Release|x86.ActiveCfg = Release|Any CPU
		{017E53A2-82C0-4001-B01C-F5F937FEB9A5}.Release|x86.Build.0 = Release|Any CPU
		{9ACD4AFA-04DB-4A8A-830F-C93E0FAADF21}.Debug|Any CPU.ActiveCfg = Debug|Any CPU
		{9ACD4AFA-04DB-4A8A-830F-C93E0FAADF21}.Debug|Any CPU.Build.0 = Debug|Any CPU
		{9ACD4AFA-04DB-4A8A-830F-C93E0FAADF21}.Debug|x64.ActiveCfg = Debug|Any CPU
		{9ACD4AFA-04DB-4A8A-830F-C93E0FAADF21}.Debug|x64.Build.0 = Debug|Any CPU
		{9ACD4AFA-04DB-4A8A-830F-C93E0FAADF21}.Debug|x86.ActiveCfg = Debug|Any CPU
		{9ACD4AFA-04DB-4A8A-830F-C93E0FAADF21}.Debug|x86.Build.0 = Debug|Any CPU
		{9ACD4AFA-04DB-4A8A-830F-C93E0FAADF21}.Release|Any CPU.ActiveCfg = Release|Any CPU
		{9ACD4AFA-04DB-4A8A-830F-C93E0FAADF21}.Release|Any CPU.Build.0 = Release|Any CPU
		{9ACD4AFA-04DB-4A8A-830F-C93E0FAADF21}.Release|x64.ActiveCfg = Release|Any CPU
		{9ACD4AFA-04DB-4A8A-830F-C93E0FAADF21}.Release|x64.Build.0 = Release|Any CPU
		{9ACD4AFA-04DB-4A8A-830F-C93E0FAADF21}.Release|x86.ActiveCfg = Release|Any CPU
		{9ACD4AFA-04DB-4A8A-830F-C93E0FAADF21}.Release|x86.Build.0 = Release|Any CPU
		{707E77D0-EC95-42E6-A2A4-1860B48C1364}.Debug|Any CPU.ActiveCfg = Debug|Any CPU
		{707E77D0-EC95-42E6-A2A4-1860B48C1364}.Debug|Any CPU.Build.0 = Debug|Any CPU
		{707E77D0-EC95-42E6-A2A4-1860B48C1364}.Debug|x64.ActiveCfg = Debug|Any CPU
		{707E77D0-EC95-42E6-A2A4-1860B48C1364}.Debug|x64.Build.0 = Debug|Any CPU
		{707E77D0-EC95-42E6-A2A4-1860B48C1364}.Debug|x86.ActiveCfg = Debug|Any CPU
		{707E77D0-EC95-42E6-A2A4-1860B48C1364}.Debug|x86.Build.0 = Debug|Any CPU
		{707E77D0-EC95-42E6-A2A4-1860B48C1364}.Release|Any CPU.ActiveCfg = Release|Any CPU
		{707E77D0-EC95-42E6-A2A4-1860B48C1364}.Release|Any CPU.Build.0 = Release|Any CPU
		{707E77D0-EC95-42E6-A2A4-1860B48C1364}.Release|x64.ActiveCfg = Release|Any CPU
		{707E77D0-EC95-42E6-A2A4-1860B48C1364}.Release|x64.Build.0 = Release|Any CPU
		{707E77D0-EC95-42E6-A2A4-1860B48C1364}.Release|x86.ActiveCfg = Release|Any CPU
		{707E77D0-EC95-42E6-A2A4-1860B48C1364}.Release|x86.Build.0 = Release|Any CPU
		{BD541A71-DB59-4492-8B10-4758A24316AC}.Debug|Any CPU.ActiveCfg = Debug|Any CPU
		{BD541A71-DB59-4492-8B10-4758A24316AC}.Debug|Any CPU.Build.0 = Debug|Any CPU
		{BD541A71-DB59-4492-8B10-4758A24316AC}.Debug|x64.ActiveCfg = Debug|Any CPU
		{BD541A71-DB59-4492-8B10-4758A24316AC}.Debug|x64.Build.0 = Debug|Any CPU
		{BD541A71-DB59-4492-8B10-4758A24316AC}.Debug|x86.ActiveCfg = Debug|Any CPU
		{BD541A71-DB59-4492-8B10-4758A24316AC}.Debug|x86.Build.0 = Debug|Any CPU
		{BD541A71-DB59-4492-8B10-4758A24316AC}.Release|Any CPU.ActiveCfg = Release|Any CPU
		{BD541A71-DB59-4492-8B10-4758A24316AC}.Release|Any CPU.Build.0 = Release|Any CPU
		{BD541A71-DB59-4492-8B10-4758A24316AC}.Release|x64.ActiveCfg = Release|Any CPU
		{BD541A71-DB59-4492-8B10-4758A24316AC}.Release|x64.Build.0 = Release|Any CPU
		{BD541A71-DB59-4492-8B10-4758A24316AC}.Release|x86.ActiveCfg = Release|Any CPU
		{BD541A71-DB59-4492-8B10-4758A24316AC}.Release|x86.Build.0 = Release|Any CPU
		{BB7CC3F7-2831-4CC9-BE4E-C2FA24F5F716}.Debug|Any CPU.ActiveCfg = Debug|Any CPU
		{BB7CC3F7-2831-4CC9-BE4E-C2FA24F5F716}.Debug|Any CPU.Build.0 = Debug|Any CPU
		{BB7CC3F7-2831-4CC9-BE4E-C2FA24F5F716}.Debug|x64.ActiveCfg = Debug|Any CPU
		{BB7CC3F7-2831-4CC9-BE4E-C2FA24F5F716}.Debug|x64.Build.0 = Debug|Any CPU
		{BB7CC3F7-2831-4CC9-BE4E-C2FA24F5F716}.Debug|x86.ActiveCfg = Debug|Any CPU
		{BB7CC3F7-2831-4CC9-BE4E-C2FA24F5F716}.Debug|x86.Build.0 = Debug|Any CPU
		{BB7CC3F7-2831-4CC9-BE4E-C2FA24F5F716}.Release|Any CPU.ActiveCfg = Release|Any CPU
		{BB7CC3F7-2831-4CC9-BE4E-C2FA24F5F716}.Release|Any CPU.Build.0 = Release|Any CPU
		{BB7CC3F7-2831-4CC9-BE4E-C2FA24F5F716}.Release|x64.ActiveCfg = Release|Any CPU
		{BB7CC3F7-2831-4CC9-BE4E-C2FA24F5F716}.Release|x64.Build.0 = Release|Any CPU
		{BB7CC3F7-2831-4CC9-BE4E-C2FA24F5F716}.Release|x86.ActiveCfg = Release|Any CPU
		{BB7CC3F7-2831-4CC9-BE4E-C2FA24F5F716}.Release|x86.Build.0 = Release|Any CPU
		{0D763B97-A1B9-4EC0-AD39-149B17C71C7E}.Debug|Any CPU.ActiveCfg = Debug|Any CPU
		{0D763B97-A1B9-4EC0-AD39-149B17C71C7E}.Debug|Any CPU.Build.0 = Debug|Any CPU
		{0D763B97-A1B9-4EC0-AD39-149B17C71C7E}.Debug|x64.ActiveCfg = Debug|Any CPU
		{0D763B97-A1B9-4EC0-AD39-149B17C71C7E}.Debug|x64.Build.0 = Debug|Any CPU
		{0D763B97-A1B9-4EC0-AD39-149B17C71C7E}.Debug|x86.ActiveCfg = Debug|Any CPU
		{0D763B97-A1B9-4EC0-AD39-149B17C71C7E}.Debug|x86.Build.0 = Debug|Any CPU
		{0D763B97-A1B9-4EC0-AD39-149B17C71C7E}.Release|Any CPU.ActiveCfg = Release|Any CPU
		{0D763B97-A1B9-4EC0-AD39-149B17C71C7E}.Release|Any CPU.Build.0 = Release|Any CPU
		{0D763B97-A1B9-4EC0-AD39-149B17C71C7E}.Release|x64.ActiveCfg = Release|Any CPU
		{0D763B97-A1B9-4EC0-AD39-149B17C71C7E}.Release|x64.Build.0 = Release|Any CPU
		{0D763B97-A1B9-4EC0-AD39-149B17C71C7E}.Release|x86.ActiveCfg = Release|Any CPU
		{0D763B97-A1B9-4EC0-AD39-149B17C71C7E}.Release|x86.Build.0 = Release|Any CPU
		{8D7E9D30-57BF-4575-89CD-529C056DAA32}.Debug|Any CPU.ActiveCfg = Debug|Any CPU
		{8D7E9D30-57BF-4575-89CD-529C056DAA32}.Debug|Any CPU.Build.0 = Debug|Any CPU
		{8D7E9D30-57BF-4575-89CD-529C056DAA32}.Debug|x64.ActiveCfg = Debug|Any CPU
		{8D7E9D30-57BF-4575-89CD-529C056DAA32}.Debug|x64.Build.0 = Debug|Any CPU
		{8D7E9D30-57BF-4575-89CD-529C056DAA32}.Debug|x86.ActiveCfg = Debug|Any CPU
		{8D7E9D30-57BF-4575-89CD-529C056DAA32}.Debug|x86.Build.0 = Debug|Any CPU
		{8D7E9D30-57BF-4575-89CD-529C056DAA32}.Release|Any CPU.ActiveCfg = Release|Any CPU
		{8D7E9D30-57BF-4575-89CD-529C056DAA32}.Release|Any CPU.Build.0 = Release|Any CPU
		{8D7E9D30-57BF-4575-89CD-529C056DAA32}.Release|x64.ActiveCfg = Release|Any CPU
		{8D7E9D30-57BF-4575-89CD-529C056DAA32}.Release|x64.Build.0 = Release|Any CPU
		{8D7E9D30-57BF-4575-89CD-529C056DAA32}.Release|x86.ActiveCfg = Release|Any CPU
		{8D7E9D30-57BF-4575-89CD-529C056DAA32}.Release|x86.Build.0 = Release|Any CPU
		{62D79530-568B-43A6-A59D-C7EA10A14BB6}.Debug|Any CPU.ActiveCfg = Debug|Any CPU
		{62D79530-568B-43A6-A59D-C7EA10A14BB6}.Debug|Any CPU.Build.0 = Debug|Any CPU
		{62D79530-568B-43A6-A59D-C7EA10A14BB6}.Debug|x64.ActiveCfg = Debug|Any CPU
		{62D79530-568B-43A6-A59D-C7EA10A14BB6}.Debug|x64.Build.0 = Debug|Any CPU
		{62D79530-568B-43A6-A59D-C7EA10A14BB6}.Debug|x86.ActiveCfg = Debug|Any CPU
		{62D79530-568B-43A6-A59D-C7EA10A14BB6}.Debug|x86.Build.0 = Debug|Any CPU
		{62D79530-568B-43A6-A59D-C7EA10A14BB6}.Release|Any CPU.ActiveCfg = Release|Any CPU
		{62D79530-568B-43A6-A59D-C7EA10A14BB6}.Release|Any CPU.Build.0 = Release|Any CPU
		{62D79530-568B-43A6-A59D-C7EA10A14BB6}.Release|x64.ActiveCfg = Release|Any CPU
		{62D79530-568B-43A6-A59D-C7EA10A14BB6}.Release|x64.Build.0 = Release|Any CPU
		{62D79530-568B-43A6-A59D-C7EA10A14BB6}.Release|x86.ActiveCfg = Release|Any CPU
		{62D79530-568B-43A6-A59D-C7EA10A14BB6}.Release|x86.Build.0 = Release|Any CPU
		{7B963DEC-D802-45C2-B748-E9BBE76DFF8F}.Debug|Any CPU.ActiveCfg = Debug|Any CPU
		{7B963DEC-D802-45C2-B748-E9BBE76DFF8F}.Debug|Any CPU.Build.0 = Debug|Any CPU
		{7B963DEC-D802-45C2-B748-E9BBE76DFF8F}.Debug|x64.ActiveCfg = Debug|Any CPU
		{7B963DEC-D802-45C2-B748-E9BBE76DFF8F}.Debug|x64.Build.0 = Debug|Any CPU
		{7B963DEC-D802-45C2-B748-E9BBE76DFF8F}.Debug|x86.ActiveCfg = Debug|Any CPU
		{7B963DEC-D802-45C2-B748-E9BBE76DFF8F}.Debug|x86.Build.0 = Debug|Any CPU
		{7B963DEC-D802-45C2-B748-E9BBE76DFF8F}.Release|Any CPU.ActiveCfg = Release|Any CPU
		{7B963DEC-D802-45C2-B748-E9BBE76DFF8F}.Release|Any CPU.Build.0 = Release|Any CPU
		{7B963DEC-D802-45C2-B748-E9BBE76DFF8F}.Release|x64.ActiveCfg = Release|Any CPU
		{7B963DEC-D802-45C2-B748-E9BBE76DFF8F}.Release|x64.Build.0 = Release|Any CPU
		{7B963DEC-D802-45C2-B748-E9BBE76DFF8F}.Release|x86.ActiveCfg = Release|Any CPU
		{7B963DEC-D802-45C2-B748-E9BBE76DFF8F}.Release|x86.Build.0 = Release|Any CPU
		{9D0A710A-31FB-4E1E-9D07-4B173DF9D295}.Debug|Any CPU.ActiveCfg = Debug|Any CPU
		{9D0A710A-31FB-4E1E-9D07-4B173DF9D295}.Debug|Any CPU.Build.0 = Debug|Any CPU
		{9D0A710A-31FB-4E1E-9D07-4B173DF9D295}.Debug|x64.ActiveCfg = Debug|Any CPU
		{9D0A710A-31FB-4E1E-9D07-4B173DF9D295}.Debug|x64.Build.0 = Debug|Any CPU
		{9D0A710A-31FB-4E1E-9D07-4B173DF9D295}.Debug|x86.ActiveCfg = Debug|Any CPU
		{9D0A710A-31FB-4E1E-9D07-4B173DF9D295}.Debug|x86.Build.0 = Debug|Any CPU
		{9D0A710A-31FB-4E1E-9D07-4B173DF9D295}.Release|Any CPU.ActiveCfg = Release|Any CPU
		{9D0A710A-31FB-4E1E-9D07-4B173DF9D295}.Release|Any CPU.Build.0 = Release|Any CPU
		{9D0A710A-31FB-4E1E-9D07-4B173DF9D295}.Release|x64.ActiveCfg = Release|Any CPU
		{9D0A710A-31FB-4E1E-9D07-4B173DF9D295}.Release|x64.Build.0 = Release|Any CPU
		{9D0A710A-31FB-4E1E-9D07-4B173DF9D295}.Release|x86.ActiveCfg = Release|Any CPU
		{9D0A710A-31FB-4E1E-9D07-4B173DF9D295}.Release|x86.Build.0 = Release|Any CPU
		{0CDA1AFC-12F6-45D7-8965-21A66D34350E}.Debug|Any CPU.ActiveCfg = Debug|Any CPU
		{0CDA1AFC-12F6-45D7-8965-21A66D34350E}.Debug|Any CPU.Build.0 = Debug|Any CPU
		{0CDA1AFC-12F6-45D7-8965-21A66D34350E}.Debug|x64.ActiveCfg = Debug|Any CPU
		{0CDA1AFC-12F6-45D7-8965-21A66D34350E}.Debug|x64.Build.0 = Debug|Any CPU
		{0CDA1AFC-12F6-45D7-8965-21A66D34350E}.Debug|x86.ActiveCfg = Debug|Any CPU
		{0CDA1AFC-12F6-45D7-8965-21A66D34350E}.Debug|x86.Build.0 = Debug|Any CPU
		{0CDA1AFC-12F6-45D7-8965-21A66D34350E}.Release|Any CPU.ActiveCfg = Release|Any CPU
		{0CDA1AFC-12F6-45D7-8965-21A66D34350E}.Release|Any CPU.Build.0 = Release|Any CPU
		{0CDA1AFC-12F6-45D7-8965-21A66D34350E}.Release|x64.ActiveCfg = Release|Any CPU
		{0CDA1AFC-12F6-45D7-8965-21A66D34350E}.Release|x64.Build.0 = Release|Any CPU
		{0CDA1AFC-12F6-45D7-8965-21A66D34350E}.Release|x86.ActiveCfg = Release|Any CPU
		{0CDA1AFC-12F6-45D7-8965-21A66D34350E}.Release|x86.Build.0 = Release|Any CPU
		{9EFA2578-D95C-4FAE-A6EE-43843C81F03C}.Debug|Any CPU.ActiveCfg = Debug|Any CPU
		{9EFA2578-D95C-4FAE-A6EE-43843C81F03C}.Debug|Any CPU.Build.0 = Debug|Any CPU
		{9EFA2578-D95C-4FAE-A6EE-43843C81F03C}.Debug|x64.ActiveCfg = Debug|Any CPU
		{9EFA2578-D95C-4FAE-A6EE-43843C81F03C}.Debug|x64.Build.0 = Debug|Any CPU
		{9EFA2578-D95C-4FAE-A6EE-43843C81F03C}.Debug|x86.ActiveCfg = Debug|Any CPU
		{9EFA2578-D95C-4FAE-A6EE-43843C81F03C}.Debug|x86.Build.0 = Debug|Any CPU
		{9EFA2578-D95C-4FAE-A6EE-43843C81F03C}.Release|Any CPU.ActiveCfg = Release|Any CPU
		{9EFA2578-D95C-4FAE-A6EE-43843C81F03C}.Release|Any CPU.Build.0 = Release|Any CPU
		{9EFA2578-D95C-4FAE-A6EE-43843C81F03C}.Release|x64.ActiveCfg = Release|Any CPU
		{9EFA2578-D95C-4FAE-A6EE-43843C81F03C}.Release|x64.Build.0 = Release|Any CPU
		{9EFA2578-D95C-4FAE-A6EE-43843C81F03C}.Release|x86.ActiveCfg = Release|Any CPU
		{9EFA2578-D95C-4FAE-A6EE-43843C81F03C}.Release|x86.Build.0 = Release|Any CPU
		{B2967210-BAAE-449E-9E4F-44104269F611}.Debug|Any CPU.ActiveCfg = Debug|Any CPU
		{B2967210-BAAE-449E-9E4F-44104269F611}.Debug|Any CPU.Build.0 = Debug|Any CPU
		{B2967210-BAAE-449E-9E4F-44104269F611}.Debug|x64.ActiveCfg = Debug|Any CPU
		{B2967210-BAAE-449E-9E4F-44104269F611}.Debug|x64.Build.0 = Debug|Any CPU
		{B2967210-BAAE-449E-9E4F-44104269F611}.Debug|x86.ActiveCfg = Debug|Any CPU
		{B2967210-BAAE-449E-9E4F-44104269F611}.Debug|x86.Build.0 = Debug|Any CPU
		{B2967210-BAAE-449E-9E4F-44104269F611}.Release|Any CPU.ActiveCfg = Release|Any CPU
		{B2967210-BAAE-449E-9E4F-44104269F611}.Release|Any CPU.Build.0 = Release|Any CPU
		{B2967210-BAAE-449E-9E4F-44104269F611}.Release|x64.ActiveCfg = Release|Any CPU
		{B2967210-BAAE-449E-9E4F-44104269F611}.Release|x64.Build.0 = Release|Any CPU
		{B2967210-BAAE-449E-9E4F-44104269F611}.Release|x86.ActiveCfg = Release|Any CPU
		{B2967210-BAAE-449E-9E4F-44104269F611}.Release|x86.Build.0 = Release|Any CPU
		{99F92D2E-63D7-43D0-8189-8CBA389ACFD4}.Debug|Any CPU.ActiveCfg = Debug|Any CPU
		{99F92D2E-63D7-43D0-8189-8CBA389ACFD4}.Debug|Any CPU.Build.0 = Debug|Any CPU
		{99F92D2E-63D7-43D0-8189-8CBA389ACFD4}.Debug|x64.ActiveCfg = Debug|Any CPU
		{99F92D2E-63D7-43D0-8189-8CBA389ACFD4}.Debug|x64.Build.0 = Debug|Any CPU
		{99F92D2E-63D7-43D0-8189-8CBA389ACFD4}.Debug|x86.ActiveCfg = Debug|Any CPU
		{99F92D2E-63D7-43D0-8189-8CBA389ACFD4}.Debug|x86.Build.0 = Debug|Any CPU
		{99F92D2E-63D7-43D0-8189-8CBA389ACFD4}.Release|Any CPU.ActiveCfg = Release|Any CPU
		{99F92D2E-63D7-43D0-8189-8CBA389ACFD4}.Release|Any CPU.Build.0 = Release|Any CPU
		{99F92D2E-63D7-43D0-8189-8CBA389ACFD4}.Release|x64.ActiveCfg = Release|Any CPU
		{99F92D2E-63D7-43D0-8189-8CBA389ACFD4}.Release|x64.Build.0 = Release|Any CPU
		{99F92D2E-63D7-43D0-8189-8CBA389ACFD4}.Release|x86.ActiveCfg = Release|Any CPU
		{99F92D2E-63D7-43D0-8189-8CBA389ACFD4}.Release|x86.Build.0 = Release|Any CPU
		{F4838FB5-771A-4DE4-B047-906F0C058139}.Debug|Any CPU.ActiveCfg = Debug|Any CPU
		{F4838FB5-771A-4DE4-B047-906F0C058139}.Debug|Any CPU.Build.0 = Debug|Any CPU
		{F4838FB5-771A-4DE4-B047-906F0C058139}.Debug|x64.ActiveCfg = Debug|Any CPU
		{F4838FB5-771A-4DE4-B047-906F0C058139}.Debug|x64.Build.0 = Debug|Any CPU
		{F4838FB5-771A-4DE4-B047-906F0C058139}.Debug|x86.ActiveCfg = Debug|Any CPU
		{F4838FB5-771A-4DE4-B047-906F0C058139}.Debug|x86.Build.0 = Debug|Any CPU
		{F4838FB5-771A-4DE4-B047-906F0C058139}.Release|Any CPU.ActiveCfg = Release|Any CPU
		{F4838FB5-771A-4DE4-B047-906F0C058139}.Release|Any CPU.Build.0 = Release|Any CPU
		{F4838FB5-771A-4DE4-B047-906F0C058139}.Release|x64.ActiveCfg = Release|Any CPU
		{F4838FB5-771A-4DE4-B047-906F0C058139}.Release|x64.Build.0 = Release|Any CPU
		{F4838FB5-771A-4DE4-B047-906F0C058139}.Release|x86.ActiveCfg = Release|Any CPU
		{F4838FB5-771A-4DE4-B047-906F0C058139}.Release|x86.Build.0 = Release|Any CPU
	EndGlobalSection
	GlobalSection(SolutionProperties) = preSolution
		HideSolutionNode = FALSE
	EndGlobalSection
	GlobalSection(NestedProjects) = preSolution
		{6C899BFF-66D0-0D23-9BD4-7627E4F52821} = {827E0CD3-B72D-47B6-A68D-7590B98EB39B}
		{19EE1960-05ED-4C00-A0AB-2B5561AFB535} = {6C899BFF-66D0-0D23-9BD4-7627E4F52821}
		{BF240651-8EC2-40C6-89E7-5E3602370B25} = {6C899BFF-66D0-0D23-9BD4-7627E4F52821}
		{AD1BEF50-AF11-47C9-A9A7-FEFB31BB82BA} = {6C899BFF-66D0-0D23-9BD4-7627E4F52821}
		{CB23BA16-18EF-462A-AE4D-A7E7291F9D7B} = {6C899BFF-66D0-0D23-9BD4-7627E4F52821}
		{A7619379-1B2C-AA8A-371A-0303290E2964} = {827E0CD3-B72D-47B6-A68D-7590B98EB39B}
		{C01DDECA-FE75-4615-A350-48040F457B5A} = {A7619379-1B2C-AA8A-371A-0303290E2964}
		{017E53A2-82C0-4001-B01C-F5F937FEB9A5} = {A7619379-1B2C-AA8A-371A-0303290E2964}
		{9ACD4AFA-04DB-4A8A-830F-C93E0FAADF21} = {A7619379-1B2C-AA8A-371A-0303290E2964}
		{707E77D0-EC95-42E6-A2A4-1860B48C1364} = {A7619379-1B2C-AA8A-371A-0303290E2964}
		{AF47A1B6-4839-4CB1-8418-F4BC8A9AB6E4} = {827E0CD3-B72D-47B6-A68D-7590B98EB39B}
		{BD541A71-DB59-4492-8B10-4758A24316AC} = {AF47A1B6-4839-4CB1-8418-F4BC8A9AB6E4}
		{BB7CC3F7-2831-4CC9-BE4E-C2FA24F5F716} = {AF47A1B6-4839-4CB1-8418-F4BC8A9AB6E4}
		{0D763B97-A1B9-4EC0-AD39-149B17C71C7E} = {AF47A1B6-4839-4CB1-8418-F4BC8A9AB6E4}
		{8D7E9D30-57BF-4575-89CD-529C056DAA32} = {AF47A1B6-4839-4CB1-8418-F4BC8A9AB6E4}
		{3298E1E8-E012-3E41-70B3-61F5A96D0638} = {827E0CD3-B72D-47B6-A68D-7590B98EB39B}
		{62D79530-568B-43A6-A59D-C7EA10A14BB6} = {3298E1E8-E012-3E41-70B3-61F5A96D0638}
		{7B963DEC-D802-45C2-B748-E9BBE76DFF8F} = {3298E1E8-E012-3E41-70B3-61F5A96D0638}
		{9D0A710A-31FB-4E1E-9D07-4B173DF9D295} = {3298E1E8-E012-3E41-70B3-61F5A96D0638}
		{0CDA1AFC-12F6-45D7-8965-21A66D34350E} = {3298E1E8-E012-3E41-70B3-61F5A96D0638}
		{F7FD9C3C-0442-4E9F-ACEB-C54FAC08F266} = {827E0CD3-B72D-47B6-A68D-7590B98EB39B}
		{9EFA2578-D95C-4FAE-A6EE-43843C81F03C} = {F7FD9C3C-0442-4E9F-ACEB-C54FAC08F266}
		{B2967210-BAAE-449E-9E4F-44104269F611} = {F7FD9C3C-0442-4E9F-ACEB-C54FAC08F266}
		{99F92D2E-63D7-43D0-8189-8CBA389ACFD4} = {F7FD9C3C-0442-4E9F-ACEB-C54FAC08F266}
		{F4838FB5-771A-4DE4-B047-906F0C058139} = {F7FD9C3C-0442-4E9F-ACEB-C54FAC08F266}
	EndGlobalSection
EndGlobal
